
Microsoft Visual Studio Solution File, Format Version 12.00
# Visual Studio Version 17
VisualStudioVersion = 17.5.33627.172
MinimumVisualStudioVersion = 10.0.40219.1
Project("{9A19103F-16F7-4668-BE54-9A1E7A4F7556}") = "BL_Day3_EmpWageCompute", "BL_Day3,10_EmpWageCompute\BL_Day3_EmpWageCompute.csproj", "{5CDC9607-27DF-4CC4-9070-2EFEBAFB31A0}"
EndProject
Global
	GlobalSection(SolutionConfigurationPlatforms) = preSolution
		Debug|Any CPU = Debug|Any CPU
		Release|Any CPU = Release|Any CPU
	EndGlobalSection
	GlobalSection(ProjectConfigurationPlatforms) = postSolution
		{5CDC9607-27DF-4CC4-9070-2EFEBAFB31A0}.Debug|Any CPU.ActiveCfg = Debug|Any CPU
		{5CDC9607-27DF-4CC4-9070-2EFEBAFB31A0}.Debug|Any CPU.Build.0 = Debug|Any CPU
		{5CDC9607-27DF-4CC4-9070-2EFEBAFB31A0}.Release|Any CPU.ActiveCfg = Release|Any CPU
		{5CDC9607-27DF-4CC4-9070-2EFEBAFB31A0}.Release|Any CPU.Build.0 = Release|Any CPU
	EndGlobalSection
	GlobalSection(SolutionProperties) = preSolution
		HideSolutionNode = FALSE
	EndGlobalSection
	GlobalSection(ExtensibilityGlobals) = postSolution
		SolutionGuid = {FFCF7A72-D3CB-46B4-AF77-5F34035886A4}
	EndGlobalSection
EndGlobal
